
Microsoft Visual Studio Solution File, Format Version 12.00
# Visual Studio Version 16
VisualStudioVersion = 16.0.29806.167
MinimumVisualStudioVersion = 10.0.40219.1
Project("{9A19103F-16F7-4668-BE54-9A1E7A4F7556}") = "Chess", "Chess\Chess.csproj", "{0AD288C2-DE6E-4C36-A448-6052AD424298}"
EndProject
Project("{9A19103F-16F7-4668-BE54-9A1E7A4F7556}") = "FileParser", "FileParser\FileParser.csproj", "{BBBD6851-DA85-401C-9568-DB0C65C3AAAF}"
EndProject
Project("{9A19103F-16F7-4668-BE54-9A1E7A4F7556}") = "Sequence", "Sequences\Sequence.csproj", "{B5E90164-7BED-4C5B-A609-BD11B9446586}"
EndProject
Project("{D954291E-2A0B-460D-934E-DC6B0785DB48}") = "Helpers", "Helpers\Helpers.shproj", "{B6E10034-622D-4F1D-BED9-C114E6DE247F}"
EndProject
Project("{9A19103F-16F7-4668-BE54-9A1E7A4F7556}") = "EnvelopeAnalyzer", "EnvelopeAnalyzer\EnvelopeAnalyzer.csproj", "{2157066E-0130-47AA-B300-A38D4C169A6E}"
EndProject
Global
	GlobalSection(SharedMSBuildProjectFiles) = preSolution
		Helpers\Helpers.projitems*{b6e10034-622d-4f1d-bed9-c114e6de247f}*SharedItemsImports = 13
	EndGlobalSection
	GlobalSection(SolutionConfigurationPlatforms) = preSolution
		Debug|Any CPU = Debug|Any CPU
		Release|Any CPU = Release|Any CPU
	EndGlobalSection
	GlobalSection(ProjectConfigurationPlatforms) = postSolution
		{0AD288C2-DE6E-4C36-A448-6052AD424298}.Debug|Any CPU.ActiveCfg = Debug|Any CPU
		{0AD288C2-DE6E-4C36-A448-6052AD424298}.Debug|Any CPU.Build.0 = Debug|Any CPU
		{0AD288C2-DE6E-4C36-A448-6052AD424298}.Release|Any CPU.ActiveCfg = Release|Any CPU
		{0AD288C2-DE6E-4C36-A448-6052AD424298}.Release|Any CPU.Build.0 = Release|Any CPU
		{BBBD6851-DA85-401C-9568-DB0C65C3AAAF}.Debug|Any CPU.ActiveCfg = Debug|Any CPU
		{BBBD6851-DA85-401C-9568-DB0C65C3AAAF}.Debug|Any CPU.Build.0 = Debug|Any CPU
		{BBBD6851-DA85-401C-9568-DB0C65C3AAAF}.Release|Any CPU.ActiveCfg = Release|Any CPU
		{BBBD6851-DA85-401C-9568-DB0C65C3AAAF}.Release|Any CPU.Build.0 = Release|Any CPU
		{B5E90164-7BED-4C5B-A609-BD11B9446586}.Debug|Any CPU.ActiveCfg = Debug|Any CPU
		{B5E90164-7BED-4C5B-A609-BD11B9446586}.Debug|Any CPU.Build.0 = Debug|Any CPU
		{B5E90164-7BED-4C5B-A609-BD11B9446586}.Release|Any CPU.ActiveCfg = Release|Any CPU
		{B5E90164-7BED-4C5B-A609-BD11B9446586}.Release|Any CPU.Build.0 = Release|Any CPU
		{2157066E-0130-47AA-B300-A38D4C169A6E}.Debug|Any CPU.ActiveCfg = Debug|Any CPU
		{2157066E-0130-47AA-B300-A38D4C169A6E}.Debug|Any CPU.Build.0 = Debug|Any CPU
		{2157066E-0130-47AA-B300-A38D4C169A6E}.Release|Any CPU.ActiveCfg = Release|Any CPU
		{2157066E-0130-47AA-B300-A38D4C169A6E}.Release|Any CPU.Build.0 = Release|Any CPU
	EndGlobalSection
	GlobalSection(SolutionProperties) = preSolution
		HideSolutionNode = FALSE
	EndGlobalSection
	GlobalSection(ExtensibilityGlobals) = postSolution
		SolutionGuid = {3DE6FCD9-CFBE-4B68-8A12-D97931F4DD20}
	EndGlobalSection
EndGlobal
