
Microsoft Visual Studio Solution File, Format Version 12.00
# Visual Studio Version 16
VisualStudioVersion = 16.0.29806.167
MinimumVisualStudioVersion = 10.0.40219.1
Project("{9A19103F-16F7-4668-BE54-9A1E7A4F7556}") = "Chess", "Chess\Chess.csproj", "{0AD288C2-DE6E-4C36-A448-6052AD424298}"
EndProject
Project("{9A19103F-16F7-4668-BE54-9A1E7A4F7556}") = "FileParser", "FileParser\FileParser.csproj", "{BBBD6851-DA85-401C-9568-DB0C65C3AAAF}"
EndProject
Project("{9A19103F-16F7-4668-BE54-9A1E7A4F7556}") = "Sequence", "Sequences\Sequence.csproj", "{B5E90164-7BED-4C5B-A609-BD11B9446586}"
EndProject
Project("{9A19103F-16F7-4668-BE54-9A1E7A4F7556}") = "EnvelopeAnalyzer", "EnvelopeAnalyzer\EnvelopeAnalyzer.csproj", "{2157066E-0130-47AA-B300-A38D4C169A6E}"
EndProject
Project("{9A19103F-16F7-4668-BE54-9A1E7A4F7556}") = "NumberToWords", "NumberToWords\NumberToWords.csproj", "{3D7C6863-137C-4D71-930F-3C6BE2E6DCDD}"
EndProject
Project("{9A19103F-16F7-4668-BE54-9A1E7A4F7556}") = "HelpersLibrary", "HelpersLibrary\HelpersLibrary.csproj", "{9F8A6908-AA09-40CE-A18F-E43A12DACF9E}"
EndProject
Project("{FAE04EC0-301F-11D3-BF4B-00C04F79EFBC}") = "FileParser.Tests", "Tests\FileParser.Tests\FileParser.Tests.csproj", "{9C278706-6458-40E6-A5B9-F6E49ADC7BB8}"
EndProject
Global
	GlobalSection(SolutionConfigurationPlatforms) = preSolution
		Debug|Any CPU = Debug|Any CPU
		Release|Any CPU = Release|Any CPU
	EndGlobalSection
	GlobalSection(ProjectConfigurationPlatforms) = postSolution
		{0AD288C2-DE6E-4C36-A448-6052AD424298}.Debug|Any CPU.ActiveCfg = Debug|Any CPU
		{0AD288C2-DE6E-4C36-A448-6052AD424298}.Debug|Any CPU.Build.0 = Debug|Any CPU
		{0AD288C2-DE6E-4C36-A448-6052AD424298}.Release|Any CPU.ActiveCfg = Release|Any CPU
		{0AD288C2-DE6E-4C36-A448-6052AD424298}.Release|Any CPU.Build.0 = Release|Any CPU
		{BBBD6851-DA85-401C-9568-DB0C65C3AAAF}.Debug|Any CPU.ActiveCfg = Debug|Any CPU
		{BBBD6851-DA85-401C-9568-DB0C65C3AAAF}.Debug|Any CPU.Build.0 = Debug|Any CPU
		{BBBD6851-DA85-401C-9568-DB0C65C3AAAF}.Release|Any CPU.ActiveCfg = Release|Any CPU
		{BBBD6851-DA85-401C-9568-DB0C65C3AAAF}.Release|Any CPU.Build.0 = Release|Any CPU
		{B5E90164-7BED-4C5B-A609-BD11B9446586}.Debug|Any CPU.ActiveCfg = Debug|Any CPU
		{B5E90164-7BED-4C5B-A609-BD11B9446586}.Debug|Any CPU.Build.0 = Debug|Any CPU
		{B5E90164-7BED-4C5B-A609-BD11B9446586}.Release|Any CPU.ActiveCfg = Release|Any CPU
		{B5E90164-7BED-4C5B-A609-BD11B9446586}.Release|Any CPU.Build.0 = Release|Any CPU
		{2157066E-0130-47AA-B300-A38D4C169A6E}.Debug|Any CPU.ActiveCfg = Debug|Any CPU
		{2157066E-0130-47AA-B300-A38D4C169A6E}.Debug|Any CPU.Build.0 = Debug|Any CPU
		{2157066E-0130-47AA-B300-A38D4C169A6E}.Release|Any CPU.ActiveCfg = Release|Any CPU
		{2157066E-0130-47AA-B300-A38D4C169A6E}.Release|Any CPU.Build.0 = Release|Any CPU
		{3D7C6863-137C-4D71-930F-3C6BE2E6DCDD}.Debug|Any CPU.ActiveCfg = Debug|Any CPU
		{3D7C6863-137C-4D71-930F-3C6BE2E6DCDD}.Debug|Any CPU.Build.0 = Debug|Any CPU
		{3D7C6863-137C-4D71-930F-3C6BE2E6DCDD}.Release|Any CPU.ActiveCfg = Release|Any CPU
		{3D7C6863-137C-4D71-930F-3C6BE2E6DCDD}.Release|Any CPU.Build.0 = Release|Any CPU
		{9F8A6908-AA09-40CE-A18F-E43A12DACF9E}.Debug|Any CPU.ActiveCfg = Debug|Any CPU
		{9F8A6908-AA09-40CE-A18F-E43A12DACF9E}.Debug|Any CPU.Build.0 = Debug|Any CPU
		{9F8A6908-AA09-40CE-A18F-E43A12DACF9E}.Release|Any CPU.ActiveCfg = Release|Any CPU
		{9F8A6908-AA09-40CE-A18F-E43A12DACF9E}.Release|Any CPU.Build.0 = Release|Any CPU
		{9C278706-6458-40E6-A5B9-F6E49ADC7BB8}.Debug|Any CPU.ActiveCfg = Debug|Any CPU
		{9C278706-6458-40E6-A5B9-F6E49ADC7BB8}.Debug|Any CPU.Build.0 = Debug|Any CPU
		{9C278706-6458-40E6-A5B9-F6E49ADC7BB8}.Release|Any CPU.ActiveCfg = Release|Any CPU
		{9C278706-6458-40E6-A5B9-F6E49ADC7BB8}.Release|Any CPU.Build.0 = Release|Any CPU
	EndGlobalSection
	GlobalSection(SolutionProperties) = preSolution
		HideSolutionNode = FALSE
	EndGlobalSection
	GlobalSection(ExtensibilityGlobals) = postSolution
		SolutionGuid = {3DE6FCD9-CFBE-4B68-8A12-D97931F4DD20}
	EndGlobalSection
EndGlobal
