
Microsoft Visual Studio Solution File, Format Version 12.00
# Visual Studio Version 16
VisualStudioVersion = 16.0.29806.167
MinimumVisualStudioVersion = 10.0.40219.1
Project("{9A19103F-16F7-4668-BE54-9A1E7A4F7556}") = "Chess", "Chess\Chess.csproj", "{0AD288C2-DE6E-4C36-A448-6052AD424298}"
EndProject
Project("{9A19103F-16F7-4668-BE54-9A1E7A4F7556}") = "FileParser", "FileParser\FileParser.csproj", "{BBBD6851-DA85-401C-9568-DB0C65C3AAAF}"
EndProject
Project("{9A19103F-16F7-4668-BE54-9A1E7A4F7556}") = "Sequence", "Sequences\Sequence.csproj", "{B5E90164-7BED-4C5B-A609-BD11B9446586}"
EndProject
Project("{9A19103F-16F7-4668-BE54-9A1E7A4F7556}") = "EnvelopeAnalyzer", "EnvelopeAnalyzer\EnvelopeAnalyzer.csproj", "{2157066E-0130-47AA-B300-A38D4C169A6E}"
EndProject
Project("{9A19103F-16F7-4668-BE54-9A1E7A4F7556}") = "NumberToWords", "NumberToWords\NumberToWords.csproj", "{3D7C6863-137C-4D71-930F-3C6BE2E6DCDD}"
EndProject
Project("{9A19103F-16F7-4668-BE54-9A1E7A4F7556}") = "HelpersLibrary", "HelpersLibrary\HelpersLibrary.csproj", "{9F8A6908-AA09-40CE-A18F-E43A12DACF9E}"
EndProject
Project("{9A19103F-16F7-4668-BE54-9A1E7A4F7556}") = "FileParser.Tests", "Tests\FileParser.Tests\FileParser.Tests.csproj", "{9C278706-6458-40E6-A5B9-F6E49ADC7BB8}"
EndProject
Project("{9A19103F-16F7-4668-BE54-9A1E7A4F7556}") = "Sequence.Test", "Tests\Sequence.Test\Sequence.Test.csproj", "{3152EE64-A926-48F4-85C0-D7BD5314C11F}"
EndProject
Project("{9A19103F-16F7-4668-BE54-9A1E7A4F7556}") = "SortFigure", "SortFigure\SortFigure.csproj", "{E63054C1-CC24-4B83-89ED-00295B45B1C1}"
EndProject
Project("{9A19103F-16F7-4668-BE54-9A1E7A4F7556}") = "EnvelopeAnalyzer.Test", "Tests\EnvelopeAnalyzer.Test\EnvelopeAnalyzer.Test.csproj", "{1A5E9983-4B23-44F9-BDF3-59063970ED21}"
EndProject
Project("{9A19103F-16F7-4668-BE54-9A1E7A4F7556}") = "NumberToWords.Test", "Tests\NumberToWords.Test\NumberToWords.Test.csproj", "{41AFC7B8-16E9-4812-A58B-EA2E5520BBDF}"
EndProject
Project("{9A19103F-16F7-4668-BE54-9A1E7A4F7556}") = "SortFigure.Test", "Tests\SortFigure.Test\SortFigure.Test.csproj", "{7645E8CC-FC0A-4EE0-99F6-7C375917D1B1}"
EndProject
Project("{9A19103F-16F7-4668-BE54-9A1E7A4F7556}") = "LuckyTicket", "LuckyTicket\LuckyTicket.csproj", "{AA633EF4-B8CA-4F3B-B742-707C05C27C35}"
EndProject
Global
	GlobalSection(SolutionConfigurationPlatforms) = preSolution
		Debug|Any CPU = Debug|Any CPU
		Release|Any CPU = Release|Any CPU
	EndGlobalSection
	GlobalSection(ProjectConfigurationPlatforms) = postSolution
		{0AD288C2-DE6E-4C36-A448-6052AD424298}.Debug|Any CPU.ActiveCfg = Debug|Any CPU
		{0AD288C2-DE6E-4C36-A448-6052AD424298}.Debug|Any CPU.Build.0 = Debug|Any CPU
		{0AD288C2-DE6E-4C36-A448-6052AD424298}.Release|Any CPU.ActiveCfg = Release|Any CPU
		{0AD288C2-DE6E-4C36-A448-6052AD424298}.Release|Any CPU.Build.0 = Release|Any CPU
		{BBBD6851-DA85-401C-9568-DB0C65C3AAAF}.Debug|Any CPU.ActiveCfg = Debug|Any CPU
		{BBBD6851-DA85-401C-9568-DB0C65C3AAAF}.Debug|Any CPU.Build.0 = Debug|Any CPU
		{BBBD6851-DA85-401C-9568-DB0C65C3AAAF}.Release|Any CPU.ActiveCfg = Release|Any CPU
		{BBBD6851-DA85-401C-9568-DB0C65C3AAAF}.Release|Any CPU.Build.0 = Release|Any CPU
		{B5E90164-7BED-4C5B-A609-BD11B9446586}.Debug|Any CPU.ActiveCfg = Debug|Any CPU
		{B5E90164-7BED-4C5B-A609-BD11B9446586}.Debug|Any CPU.Build.0 = Debug|Any CPU
		{B5E90164-7BED-4C5B-A609-BD11B9446586}.Release|Any CPU.ActiveCfg = Release|Any CPU
		{B5E90164-7BED-4C5B-A609-BD11B9446586}.Release|Any CPU.Build.0 = Release|Any CPU
		{2157066E-0130-47AA-B300-A38D4C169A6E}.Debug|Any CPU.ActiveCfg = Debug|Any CPU
		{2157066E-0130-47AA-B300-A38D4C169A6E}.Debug|Any CPU.Build.0 = Debug|Any CPU
		{2157066E-0130-47AA-B300-A38D4C169A6E}.Release|Any CPU.ActiveCfg = Release|Any CPU
		{2157066E-0130-47AA-B300-A38D4C169A6E}.Release|Any CPU.Build.0 = Release|Any CPU
		{3D7C6863-137C-4D71-930F-3C6BE2E6DCDD}.Debug|Any CPU.ActiveCfg = Debug|Any CPU
		{3D7C6863-137C-4D71-930F-3C6BE2E6DCDD}.Debug|Any CPU.Build.0 = Debug|Any CPU
		{3D7C6863-137C-4D71-930F-3C6BE2E6DCDD}.Release|Any CPU.ActiveCfg = Release|Any CPU
		{3D7C6863-137C-4D71-930F-3C6BE2E6DCDD}.Release|Any CPU.Build.0 = Release|Any CPU
		{9F8A6908-AA09-40CE-A18F-E43A12DACF9E}.Debug|Any CPU.ActiveCfg = Debug|Any CPU
		{9F8A6908-AA09-40CE-A18F-E43A12DACF9E}.Debug|Any CPU.Build.0 = Debug|Any CPU
		{9F8A6908-AA09-40CE-A18F-E43A12DACF9E}.Release|Any CPU.ActiveCfg = Release|Any CPU
		{9F8A6908-AA09-40CE-A18F-E43A12DACF9E}.Release|Any CPU.Build.0 = Release|Any CPU
		{9C278706-6458-40E6-A5B9-F6E49ADC7BB8}.Debug|Any CPU.ActiveCfg = Debug|Any CPU
		{9C278706-6458-40E6-A5B9-F6E49ADC7BB8}.Debug|Any CPU.Build.0 = Debug|Any CPU
		{9C278706-6458-40E6-A5B9-F6E49ADC7BB8}.Release|Any CPU.ActiveCfg = Release|Any CPU
		{9C278706-6458-40E6-A5B9-F6E49ADC7BB8}.Release|Any CPU.Build.0 = Release|Any CPU
		{3152EE64-A926-48F4-85C0-D7BD5314C11F}.Debug|Any CPU.ActiveCfg = Debug|Any CPU
		{3152EE64-A926-48F4-85C0-D7BD5314C11F}.Debug|Any CPU.Build.0 = Debug|Any CPU
		{3152EE64-A926-48F4-85C0-D7BD5314C11F}.Release|Any CPU.ActiveCfg = Release|Any CPU
		{3152EE64-A926-48F4-85C0-D7BD5314C11F}.Release|Any CPU.Build.0 = Release|Any CPU
		{E63054C1-CC24-4B83-89ED-00295B45B1C1}.Debug|Any CPU.ActiveCfg = Debug|Any CPU
		{E63054C1-CC24-4B83-89ED-00295B45B1C1}.Debug|Any CPU.Build.0 = Debug|Any CPU
		{E63054C1-CC24-4B83-89ED-00295B45B1C1}.Release|Any CPU.ActiveCfg = Release|Any CPU
		{E63054C1-CC24-4B83-89ED-00295B45B1C1}.Release|Any CPU.Build.0 = Release|Any CPU
		{1A5E9983-4B23-44F9-BDF3-59063970ED21}.Debug|Any CPU.ActiveCfg = Debug|Any CPU
		{1A5E9983-4B23-44F9-BDF3-59063970ED21}.Debug|Any CPU.Build.0 = Debug|Any CPU
		{1A5E9983-4B23-44F9-BDF3-59063970ED21}.Release|Any CPU.ActiveCfg = Release|Any CPU
		{1A5E9983-4B23-44F9-BDF3-59063970ED21}.Release|Any CPU.Build.0 = Release|Any CPU
		{41AFC7B8-16E9-4812-A58B-EA2E5520BBDF}.Debug|Any CPU.ActiveCfg = Debug|Any CPU
		{41AFC7B8-16E9-4812-A58B-EA2E5520BBDF}.Debug|Any CPU.Build.0 = Debug|Any CPU
		{41AFC7B8-16E9-4812-A58B-EA2E5520BBDF}.Release|Any CPU.ActiveCfg = Release|Any CPU
		{41AFC7B8-16E9-4812-A58B-EA2E5520BBDF}.Release|Any CPU.Build.0 = Release|Any CPU
		{7645E8CC-FC0A-4EE0-99F6-7C375917D1B1}.Debug|Any CPU.ActiveCfg = Debug|Any CPU
		{7645E8CC-FC0A-4EE0-99F6-7C375917D1B1}.Debug|Any CPU.Build.0 = Debug|Any CPU
		{7645E8CC-FC0A-4EE0-99F6-7C375917D1B1}.Release|Any CPU.ActiveCfg = Release|Any CPU
		{7645E8CC-FC0A-4EE0-99F6-7C375917D1B1}.Release|Any CPU.Build.0 = Release|Any CPU
		{AA633EF4-B8CA-4F3B-B742-707C05C27C35}.Debug|Any CPU.ActiveCfg = Debug|Any CPU
		{AA633EF4-B8CA-4F3B-B742-707C05C27C35}.Debug|Any CPU.Build.0 = Debug|Any CPU
		{AA633EF4-B8CA-4F3B-B742-707C05C27C35}.Release|Any CPU.ActiveCfg = Release|Any CPU
		{AA633EF4-B8CA-4F3B-B742-707C05C27C35}.Release|Any CPU.Build.0 = Release|Any CPU
	EndGlobalSection
	GlobalSection(SolutionProperties) = preSolution
		HideSolutionNode = FALSE
	EndGlobalSection
	GlobalSection(ExtensibilityGlobals) = postSolution
		SolutionGuid = {3DE6FCD9-CFBE-4B68-8A12-D97931F4DD20}
	EndGlobalSection
EndGlobal
